// !$*UTF8*$!
{
	archiveVersion = 1;
	classes = {
	};
	objectVersion = 56;
	objects = {

/* Begin PBXBuildFile section */
		A057B6202926C329008CB533 /* TwitterSwiftUIApp.swift in Sources */ = {isa = PBXBuildFile; fileRef = A057B61F2926C329008CB533 /* TwitterSwiftUIApp.swift */; };
		A057B6222926C329008CB533 /* ContentView.swift in Sources */ = {isa = PBXBuildFile; fileRef = A057B6212926C329008CB533 /* ContentView.swift */; };
		A057B6242926C32A008CB533 /* Assets.xcassets in Resources */ = {isa = PBXBuildFile; fileRef = A057B6232926C32A008CB533 /* Assets.xcassets */; };
		A057B6272926C32A008CB533 /* Preview Assets.xcassets in Resources */ = {isa = PBXBuildFile; fileRef = A057B6262926C32A008CB533 /* Preview Assets.xcassets */; };
		A057B6372926C469008CB533 /* FeedView.swift in Sources */ = {isa = PBXBuildFile; fileRef = A057B6362926C469008CB533 /* FeedView.swift */; };
		A057B63A2926C530008CB533 /* TweetRowView.swift in Sources */ = {isa = PBXBuildFile; fileRef = A057B6392926C530008CB533 /* TweetRowView.swift */; };
		A057B63D2926CACB008CB533 /* MainTabView.swift in Sources */ = {isa = PBXBuildFile; fileRef = A057B63C2926CACB008CB533 /* MainTabView.swift */; };
		A057B6432926CB9D008CB533 /* ExploreView.swift in Sources */ = {isa = PBXBuildFile; fileRef = A057B6422926CB9D008CB533 /* ExploreView.swift */; };
		A057B6452926CBB0008CB533 /* NotificationsView.swift in Sources */ = {isa = PBXBuildFile; fileRef = A057B6442926CBB0008CB533 /* NotificationsView.swift */; };
		A057B6472926CBBE008CB533 /* MessagesView.swift in Sources */ = {isa = PBXBuildFile; fileRef = A057B6462926CBBE008CB533 /* MessagesView.swift */; };
		A057B64B2926CC82008CB533 /* ProfileView.swift in Sources */ = {isa = PBXBuildFile; fileRef = A057B64A2926CC82008CB533 /* ProfileView.swift */; };
		A057B64D2926D380008CB533 /* TweetFilterViewModel.swift in Sources */ = {isa = PBXBuildFile; fileRef = A057B64C2926D380008CB533 /* TweetFilterViewModel.swift */; };
		A057B6522927DF42008CB533 /* UserRowView.swift in Sources */ = {isa = PBXBuildFile; fileRef = A057B6512927DF42008CB533 /* UserRowView.swift */; };
		A057B6572927E24A008CB533 /* SideMenuView.swift in Sources */ = {isa = PBXBuildFile; fileRef = A057B6562927E24A008CB533 /* SideMenuView.swift */; };
		A057B65B2927E26F008CB533 /* SideMenuViewModel.swift in Sources */ = {isa = PBXBuildFile; fileRef = A057B65A2927E26F008CB533 /* SideMenuViewModel.swift */; };
		A057B65D2927E3A7008CB533 /* UserStatsView.swift in Sources */ = {isa = PBXBuildFile; fileRef = A057B65C2927E3A7008CB533 /* UserStatsView.swift */; };
		A057B65F2927E8AE008CB533 /* SideMenuOptionRowView.swift in Sources */ = {isa = PBXBuildFile; fileRef = A057B65E2927E8AE008CB533 /* SideMenuOptionRowView.swift */; };
		A057B664292908C8008CB533 /* NewTweetView.swift in Sources */ = {isa = PBXBuildFile; fileRef = A057B663292908C8008CB533 /* NewTweetView.swift */; };
		A057B66629290A21008CB533 /* TextArea.swift in Sources */ = {isa = PBXBuildFile; fileRef = A057B66529290A21008CB533 /* TextArea.swift */; };
		A057B66B29290E86008CB533 /* LoginView.swift in Sources */ = {isa = PBXBuildFile; fileRef = A057B66A29290E86008CB533 /* LoginView.swift */; };
		A057B66D29290EB9008CB533 /* RegistrationView.swift in Sources */ = {isa = PBXBuildFile; fileRef = A057B66C29290EB9008CB533 /* RegistrationView.swift */; };
		A057B66F29290FDD008CB533 /* RoundedShape.swift in Sources */ = {isa = PBXBuildFile; fileRef = A057B66E29290FDD008CB533 /* RoundedShape.swift */; };
		A057B67129291582008CB533 /* CustomInputField.swift in Sources */ = {isa = PBXBuildFile; fileRef = A057B67029291582008CB533 /* CustomInputField.swift */; };
		A057B67429291802008CB533 /* AuthenticationHeaderView.swift in Sources */ = {isa = PBXBuildFile; fileRef = A057B67329291802008CB533 /* AuthenticationHeaderView.swift */; };
		A057B67629295B01008CB533 /* GoogleService-Info.plist in Resources */ = {isa = PBXBuildFile; fileRef = A057B67529295B01008CB533 /* GoogleService-Info.plist */; };
		A057B67929295BC1008CB533 /* FirebaseAuth in Frameworks */ = {isa = PBXBuildFile; productRef = A057B67829295BC1008CB533 /* FirebaseAuth */; };
		A057B67B29295BC1008CB533 /* FirebaseFirestore in Frameworks */ = {isa = PBXBuildFile; productRef = A057B67A29295BC1008CB533 /* FirebaseFirestore */; };
		A057B67D29295BC1008CB533 /* FirebaseFirestoreSwift in Frameworks */ = {isa = PBXBuildFile; productRef = A057B67C29295BC1008CB533 /* FirebaseFirestoreSwift */; };
		A057B67F29295BC1008CB533 /* FirebaseStorage in Frameworks */ = {isa = PBXBuildFile; productRef = A057B67E29295BC1008CB533 /* FirebaseStorage */; };
		A057B68129295DCF008CB533 /* AuthViewModel.swift in Sources */ = {isa = PBXBuildFile; fileRef = A057B68029295DCF008CB533 /* AuthViewModel.swift */; };
		A0FCC4E8292A6DCA00105FD9 /* ProfilePhotoSelectorView.swift in Sources */ = {isa = PBXBuildFile; fileRef = A0FCC4E7292A6DCA00105FD9 /* ProfilePhotoSelectorView.swift */; };
		A0FCC4EB292A71A200105FD9 /* ImagePicker.swift in Sources */ = {isa = PBXBuildFile; fileRef = A0FCC4EA292A71A200105FD9 /* ImagePicker.swift */; };
		A0FCC4ED292AB40500105FD9 /* ImageUploader.swift in Sources */ = {isa = PBXBuildFile; fileRef = A0FCC4EC292AB40500105FD9 /* ImageUploader.swift */; };
		A0FCC4F1292BF85000105FD9 /* UserService.swift in Sources */ = {isa = PBXBuildFile; fileRef = A0FCC4F0292BF85000105FD9 /* UserService.swift */; };
		A0FCC4F3292BF9E600105FD9 /* Users.swift in Sources */ = {isa = PBXBuildFile; fileRef = A0FCC4F2292BF9E600105FD9 /* Users.swift */; };
/* End PBXBuildFile section */

/* Begin PBXFileReference section */
		A057B61C2926C329008CB533 /* TwitterSwiftUI.app */ = {isa = PBXFileReference; explicitFileType = wrapper.application; includeInIndex = 0; path = TwitterSwiftUI.app; sourceTree = BUILT_PRODUCTS_DIR; };
		A057B61F2926C329008CB533 /* TwitterSwiftUIApp.swift */ = {isa = PBXFileReference; lastKnownFileType = sourcecode.swift; path = TwitterSwiftUIApp.swift; sourceTree = "<group>"; };
		A057B6212926C329008CB533 /* ContentView.swift */ = {isa = PBXFileReference; lastKnownFileType = sourcecode.swift; path = ContentView.swift; sourceTree = "<group>"; };
		A057B6232926C32A008CB533 /* Assets.xcassets */ = {isa = PBXFileReference; lastKnownFileType = folder.assetcatalog; path = Assets.xcassets; sourceTree = "<group>"; };
		A057B6262926C32A008CB533 /* Preview Assets.xcassets */ = {isa = PBXFileReference; lastKnownFileType = folder.assetcatalog; path = "Preview Assets.xcassets"; sourceTree = "<group>"; };
		A057B6362926C469008CB533 /* FeedView.swift */ = {isa = PBXFileReference; lastKnownFileType = sourcecode.swift; path = FeedView.swift; sourceTree = "<group>"; };
		A057B6392926C530008CB533 /* TweetRowView.swift */ = {isa = PBXFileReference; lastKnownFileType = sourcecode.swift; path = TweetRowView.swift; sourceTree = "<group>"; };
		A057B63C2926CACB008CB533 /* MainTabView.swift */ = {isa = PBXFileReference; lastKnownFileType = sourcecode.swift; path = MainTabView.swift; sourceTree = "<group>"; };
		A057B6422926CB9D008CB533 /* ExploreView.swift */ = {isa = PBXFileReference; lastKnownFileType = sourcecode.swift; path = ExploreView.swift; sourceTree = "<group>"; };
		A057B6442926CBB0008CB533 /* NotificationsView.swift */ = {isa = PBXFileReference; lastKnownFileType = sourcecode.swift; path = NotificationsView.swift; sourceTree = "<group>"; };
		A057B6462926CBBE008CB533 /* MessagesView.swift */ = {isa = PBXFileReference; lastKnownFileType = sourcecode.swift; path = MessagesView.swift; sourceTree = "<group>"; };
		A057B64A2926CC82008CB533 /* ProfileView.swift */ = {isa = PBXFileReference; lastKnownFileType = sourcecode.swift; path = ProfileView.swift; sourceTree = "<group>"; };
		A057B64C2926D380008CB533 /* TweetFilterViewModel.swift */ = {isa = PBXFileReference; lastKnownFileType = sourcecode.swift; path = TweetFilterViewModel.swift; sourceTree = "<group>"; };
		A057B6512927DF42008CB533 /* UserRowView.swift */ = {isa = PBXFileReference; lastKnownFileType = sourcecode.swift; path = UserRowView.swift; sourceTree = "<group>"; };
		A057B6562927E24A008CB533 /* SideMenuView.swift */ = {isa = PBXFileReference; lastKnownFileType = sourcecode.swift; path = SideMenuView.swift; sourceTree = "<group>"; };
		A057B65A2927E26F008CB533 /* SideMenuViewModel.swift */ = {isa = PBXFileReference; lastKnownFileType = sourcecode.swift; path = SideMenuViewModel.swift; sourceTree = "<group>"; };
		A057B65C2927E3A7008CB533 /* UserStatsView.swift */ = {isa = PBXFileReference; lastKnownFileType = sourcecode.swift; path = UserStatsView.swift; sourceTree = "<group>"; };
		A057B65E2927E8AE008CB533 /* SideMenuOptionRowView.swift */ = {isa = PBXFileReference; lastKnownFileType = sourcecode.swift; path = SideMenuOptionRowView.swift; sourceTree = "<group>"; };
		A057B663292908C8008CB533 /* NewTweetView.swift */ = {isa = PBXFileReference; lastKnownFileType = sourcecode.swift; path = NewTweetView.swift; sourceTree = "<group>"; };
		A057B66529290A21008CB533 /* TextArea.swift */ = {isa = PBXFileReference; lastKnownFileType = sourcecode.swift; path = TextArea.swift; sourceTree = "<group>"; };
		A057B66A29290E86008CB533 /* LoginView.swift */ = {isa = PBXFileReference; lastKnownFileType = sourcecode.swift; path = LoginView.swift; sourceTree = "<group>"; };
		A057B66C29290EB9008CB533 /* RegistrationView.swift */ = {isa = PBXFileReference; lastKnownFileType = sourcecode.swift; path = RegistrationView.swift; sourceTree = "<group>"; };
		A057B66E29290FDD008CB533 /* RoundedShape.swift */ = {isa = PBXFileReference; lastKnownFileType = sourcecode.swift; path = RoundedShape.swift; sourceTree = "<group>"; };
		A057B67029291582008CB533 /* CustomInputField.swift */ = {isa = PBXFileReference; lastKnownFileType = sourcecode.swift; path = CustomInputField.swift; sourceTree = "<group>"; };
		A057B67329291802008CB533 /* AuthenticationHeaderView.swift */ = {isa = PBXFileReference; lastKnownFileType = sourcecode.swift; path = AuthenticationHeaderView.swift; sourceTree = "<group>"; };
		A057B67529295B01008CB533 /* GoogleService-Info.plist */ = {isa = PBXFileReference; lastKnownFileType = text.plist; path = "GoogleService-Info.plist"; sourceTree = SOURCE_ROOT; };
		A057B68029295DCF008CB533 /* AuthViewModel.swift */ = {isa = PBXFileReference; lastKnownFileType = sourcecode.swift; path = AuthViewModel.swift; sourceTree = "<group>"; };
		A0FCC4E7292A6DCA00105FD9 /* ProfilePhotoSelectorView.swift */ = {isa = PBXFileReference; lastKnownFileType = sourcecode.swift; path = ProfilePhotoSelectorView.swift; sourceTree = "<group>"; };
		A0FCC4EA292A71A200105FD9 /* ImagePicker.swift */ = {isa = PBXFileReference; lastKnownFileType = sourcecode.swift; path = ImagePicker.swift; sourceTree = "<group>"; };
		A0FCC4EC292AB40500105FD9 /* ImageUploader.swift */ = {isa = PBXFileReference; lastKnownFileType = sourcecode.swift; path = ImageUploader.swift; sourceTree = "<group>"; };
		A0FCC4F0292BF85000105FD9 /* UserService.swift */ = {isa = PBXFileReference; lastKnownFileType = sourcecode.swift; path = UserService.swift; sourceTree = "<group>"; };
		A0FCC4F2292BF9E600105FD9 /* Users.swift */ = {isa = PBXFileReference; lastKnownFileType = sourcecode.swift; path = Users.swift; sourceTree = "<group>"; };
/* End PBXFileReference section */

/* Begin PBXFrameworksBuildPhase section */
		A057B6192926C329008CB533 /* Frameworks */ = {
			isa = PBXFrameworksBuildPhase;
			buildActionMask = 2147483647;
			files = (
				A057B67929295BC1008CB533 /* FirebaseAuth in Frameworks */,
				A057B67F29295BC1008CB533 /* FirebaseStorage in Frameworks */,
				A057B67B29295BC1008CB533 /* FirebaseFirestore in Frameworks */,
				A057B67D29295BC1008CB533 /* FirebaseFirestoreSwift in Frameworks */,
			);
			runOnlyForDeploymentPostprocessing = 0;
		};
/* End PBXFrameworksBuildPhase section */

/* Begin PBXGroup section */
		A057B6132926C329008CB533 = {
			isa = PBXGroup;
			children = (
				A057B61E2926C329008CB533 /* TwitterSwiftUI */,
				A057B61D2926C329008CB533 /* Products */,
			);
			sourceTree = "<group>";
		};
		A057B61D2926C329008CB533 /* Products */ = {
			isa = PBXGroup;
			children = (
				A057B61C2926C329008CB533 /* TwitterSwiftUI.app */,
			);
			name = Products;
			sourceTree = "<group>";
		};
		A057B61E2926C329008CB533 /* TwitterSwiftUI */ = {
			isa = PBXGroup;
			children = (
				A0FCC4E9292A719200105FD9 /* Utils */,
				A057B6302926C3E2008CB533 /* Extensions */,
				A057B62F2926C3E1008CB533 /* Model */,
				A057B62E2926C3DF008CB533 /* Service */,
				A057B62D2926C3D4008CB533 /* Core */,
				A057B61F2926C329008CB533 /* TwitterSwiftUIApp.swift */,
				A057B6212926C329008CB533 /* ContentView.swift */,
				A057B6232926C32A008CB533 /* Assets.xcassets */,
				A057B67529295B01008CB533 /* GoogleService-Info.plist */,
				A057B6252926C32A008CB533 /* Preview Content */,
			);
			path = TwitterSwiftUI;
			sourceTree = "<group>";
		};
		A057B6252926C32A008CB533 /* Preview Content */ = {
			isa = PBXGroup;
			children = (
				A057B6262926C32A008CB533 /* Preview Assets.xcassets */,
			);
			path = "Preview Content";
			sourceTree = "<group>";
		};
		A057B62D2926C3D4008CB533 /* Core */ = {
			isa = PBXGroup;
			children = (
				A057B66729290DD0008CB533 /* Authentication */,
				A057B66029290894008CB533 /* UploadTweet */,
				A057B6532927E228008CB533 /* SideMenu */,
				A057B6312926C3FD008CB533 /* Components */,
				A057B6402926CB67008CB533 /* Explore */,
				A057B6412926CB80008CB533 /* Profile */,
				A057B63F2926CB66008CB533 /* Notifications */,
				A057B63E2926CB62008CB533 /* Messages */,
				A057B63B2926CAB4008CB533 /* MainTab */,
				A057B6322926C405008CB533 /* Feed */,
			);
			path = Core;
			sourceTree = "<group>";
		};
		A057B62E2926C3DF008CB533 /* Service */ = {
			isa = PBXGroup;
			children = (
				A0FCC4EC292AB40500105FD9 /* ImageUploader.swift */,
				A0FCC4F0292BF85000105FD9 /* UserService.swift */,
			);
			path = Service;
			sourceTree = "<group>";
		};
		A057B62F2926C3E1008CB533 /* Model */ = {
			isa = PBXGroup;
			children = (
				A0FCC4F2292BF9E600105FD9 /* Users.swift */,
			);
			path = Model;
			sourceTree = "<group>";
		};
		A057B6302926C3E2008CB533 /* Extensions */ = {
			isa = PBXGroup;
			children = (
			);
			path = Extensions;
			sourceTree = "<group>";
		};
		A057B6312926C3FD008CB533 /* Components */ = {
			isa = PBXGroup;
			children = (
				A057B672292917ED008CB533 /* Authentication */,
				A057B6502927DF33008CB533 /* Users */,
				A057B6382926C4FE008CB533 /* Tweets */,
				A057B66529290A21008CB533 /* TextArea.swift */,
				A057B66E29290FDD008CB533 /* RoundedShape.swift */,
				A057B67029291582008CB533 /* CustomInputField.swift */,
			);
			path = Components;
			sourceTree = "<group>";
		};
		A057B6322926C405008CB533 /* Feed */ = {
			isa = PBXGroup;
			children = (
				A057B6352926C44B008CB533 /* View */,
				A057B6332926C440008CB533 /* ViewModels */,
			);
			path = Feed;
			sourceTree = "<group>";
		};
		A057B6332926C440008CB533 /* ViewModels */ = {
			isa = PBXGroup;
			children = (
			);
			path = ViewModels;
			sourceTree = "<group>";
		};
		A057B6352926C44B008CB533 /* View */ = {
			isa = PBXGroup;
			children = (
				A057B6362926C469008CB533 /* FeedView.swift */,
			);
			path = View;
			sourceTree = "<group>";
		};
		A057B6382926C4FE008CB533 /* Tweets */ = {
			isa = PBXGroup;
			children = (
				A057B6392926C530008CB533 /* TweetRowView.swift */,
			);
			path = Tweets;
			sourceTree = "<group>";
		};
		A057B63B2926CAB4008CB533 /* MainTab */ = {
			isa = PBXGroup;
			children = (
				A057B63C2926CACB008CB533 /* MainTabView.swift */,
			);
			path = MainTab;
			sourceTree = "<group>";
		};
		A057B63E2926CB62008CB533 /* Messages */ = {
			isa = PBXGroup;
			children = (
				A057B6462926CBBE008CB533 /* MessagesView.swift */,
			);
			path = Messages;
			sourceTree = "<group>";
		};
		A057B63F2926CB66008CB533 /* Notifications */ = {
			isa = PBXGroup;
			children = (
				A057B6442926CBB0008CB533 /* NotificationsView.swift */,
			);
			path = Notifications;
			sourceTree = "<group>";
		};
		A057B6402926CB67008CB533 /* Explore */ = {
			isa = PBXGroup;
			children = (
				A057B64F2927DEF6008CB533 /* ViewModels */,
				A057B64E2927DEF0008CB533 /* Views */,
			);
			path = Explore;
			sourceTree = "<group>";
		};
		A057B6412926CB80008CB533 /* Profile */ = {
			isa = PBXGroup;
			children = (
				A057B6492926CC76008CB533 /* Views */,
				A057B6482926CC71008CB533 /* ViewModels */,
			);
			path = Profile;
			sourceTree = "<group>";
		};
		A057B6482926CC71008CB533 /* ViewModels */ = {
			isa = PBXGroup;
			children = (
				A057B64C2926D380008CB533 /* TweetFilterViewModel.swift */,
			);
			path = ViewModels;
			sourceTree = "<group>";
		};
		A057B6492926CC76008CB533 /* Views */ = {
			isa = PBXGroup;
			children = (
				A057B64A2926CC82008CB533 /* ProfileView.swift */,
			);
			path = Views;
			sourceTree = "<group>";
		};
		A057B64E2927DEF0008CB533 /* Views */ = {
			isa = PBXGroup;
			children = (
				A057B6422926CB9D008CB533 /* ExploreView.swift */,
			);
			path = Views;
			sourceTree = "<group>";
		};
		A057B64F2927DEF6008CB533 /* ViewModels */ = {
			isa = PBXGroup;
			children = (
			);
			path = ViewModels;
			sourceTree = "<group>";
		};
		A057B6502927DF33008CB533 /* Users */ = {
			isa = PBXGroup;
			children = (
				A057B6512927DF42008CB533 /* UserRowView.swift */,
				A057B65C2927E3A7008CB533 /* UserStatsView.swift */,
			);
			path = Users;
			sourceTree = "<group>";
		};
		A057B6532927E228008CB533 /* SideMenu */ = {
			isa = PBXGroup;
			children = (
				A057B6552927E23C008CB533 /* ViewModel */,
				A057B6542927E232008CB533 /* Views */,
			);
			path = SideMenu;
			sourceTree = "<group>";
		};
		A057B6542927E232008CB533 /* Views */ = {
			isa = PBXGroup;
			children = (
				A057B6562927E24A008CB533 /* SideMenuView.swift */,
				A057B65E2927E8AE008CB533 /* SideMenuOptionRowView.swift */,
			);
			path = Views;
			sourceTree = "<group>";
		};
		A057B6552927E23C008CB533 /* ViewModel */ = {
			isa = PBXGroup;
			children = (
				A057B65A2927E26F008CB533 /* SideMenuViewModel.swift */,
			);
			path = ViewModel;
			sourceTree = "<group>";
		};
		A057B66029290894008CB533 /* UploadTweet */ = {
			isa = PBXGroup;
			children = (
				A057B662292908B0008CB533 /* Views */,
				A057B661292908A5008CB533 /* ViewModels */,
			);
			path = UploadTweet;
			sourceTree = "<group>";
		};
		A057B661292908A5008CB533 /* ViewModels */ = {
			isa = PBXGroup;
			children = (
			);
			path = ViewModels;
			sourceTree = "<group>";
		};
		A057B662292908B0008CB533 /* Views */ = {
			isa = PBXGroup;
			children = (
				A057B663292908C8008CB533 /* NewTweetView.swift */,
			);
			path = Views;
			sourceTree = "<group>";
		};
		A057B66729290DD0008CB533 /* Authentication */ = {
			isa = PBXGroup;
			children = (
				A057B66929290DDB008CB533 /* Views */,
				A057B66829290DD5008CB533 /* ViewModel */,
			);
			path = Authentication;
			sourceTree = "<group>";
		};
		A057B66829290DD5008CB533 /* ViewModel */ = {
			isa = PBXGroup;
			children = (
				A057B68029295DCF008CB533 /* AuthViewModel.swift */,
			);
			path = ViewModel;
			sourceTree = "<group>";
		};
		A057B66929290DDB008CB533 /* Views */ = {
			isa = PBXGroup;
			children = (
				A057B66A29290E86008CB533 /* LoginView.swift */,
				A057B66C29290EB9008CB533 /* RegistrationView.swift */,
				A0FCC4E7292A6DCA00105FD9 /* ProfilePhotoSelectorView.swift */,
			);
			path = Views;
			sourceTree = "<group>";
		};
		A057B672292917ED008CB533 /* Authentication */ = {
			isa = PBXGroup;
			children = (
				A057B67329291802008CB533 /* AuthenticationHeaderView.swift */,
			);
			path = Authentication;
			sourceTree = "<group>";
		};
		A0FCC4E9292A719200105FD9 /* Utils */ = {
			isa = PBXGroup;
			children = (
				A0FCC4EA292A71A200105FD9 /* ImagePicker.swift */,
			);
			path = Utils;
			sourceTree = "<group>";
		};
/* End PBXGroup section */

/* Begin PBXNativeTarget section */
		A057B61B2926C329008CB533 /* TwitterSwiftUI */ = {
			isa = PBXNativeTarget;
			buildConfigurationList = A057B62A2926C32A008CB533 /* Build configuration list for PBXNativeTarget "TwitterSwiftUI" */;
			buildPhases = (
				A057B6182926C329008CB533 /* Sources */,
				A057B6192926C329008CB533 /* Frameworks */,
				A057B61A2926C329008CB533 /* Resources */,
			);
			buildRules = (
			);
			dependencies = (
			);
			name = TwitterSwiftUI;
			packageProductDependencies = (
				A057B67829295BC1008CB533 /* FirebaseAuth */,
				A057B67A29295BC1008CB533 /* FirebaseFirestore */,
				A057B67C29295BC1008CB533 /* FirebaseFirestoreSwift */,
				A057B67E29295BC1008CB533 /* FirebaseStorage */,
			);
			productName = TwitterSwiftUI;
			productReference = A057B61C2926C329008CB533 /* TwitterSwiftUI.app */;
			productType = "com.apple.product-type.application";
		};
/* End PBXNativeTarget section */

/* Begin PBXProject section */
		A057B6142926C329008CB533 /* Project object */ = {
			isa = PBXProject;
			attributes = {
				BuildIndependentTargetsInParallel = 1;
				LastSwiftUpdateCheck = 1410;
				LastUpgradeCheck = 1410;
				TargetAttributes = {
					A057B61B2926C329008CB533 = {
						CreatedOnToolsVersion = 14.1;
					};
				};
			};
			buildConfigurationList = A057B6172926C329008CB533 /* Build configuration list for PBXProject "TwitterSwiftUI" */;
			compatibilityVersion = "Xcode 14.0";
			developmentRegion = en;
			hasScannedForEncodings = 0;
			knownRegions = (
				en,
				Base,
			);
			mainGroup = A057B6132926C329008CB533;
			packageReferences = (
				A057B67729295BC1008CB533 /* XCRemoteSwiftPackageReference "firebase-ios-sdk" */,
			);
			productRefGroup = A057B61D2926C329008CB533 /* Products */;
			projectDirPath = "";
			projectRoot = "";
			targets = (
				A057B61B2926C329008CB533 /* TwitterSwiftUI */,
			);
		};
/* End PBXProject section */

/* Begin PBXResourcesBuildPhase section */
		A057B61A2926C329008CB533 /* Resources */ = {
			isa = PBXResourcesBuildPhase;
			buildActionMask = 2147483647;
			files = (
				A057B6272926C32A008CB533 /* Preview Assets.xcassets in Resources */,
				A057B6242926C32A008CB533 /* Assets.xcassets in Resources */,
				A057B67629295B01008CB533 /* GoogleService-Info.plist in Resources */,
			);
			runOnlyForDeploymentPostprocessing = 0;
		};
/* End PBXResourcesBuildPhase section */

/* Begin PBXSourcesBuildPhase section */
		A057B6182926C329008CB533 /* Sources */ = {
			isa = PBXSourcesBuildPhase;
			buildActionMask = 2147483647;
			files = (
				A057B6472926CBBE008CB533 /* MessagesView.swift in Sources */,
				A057B64B2926CC82008CB533 /* ProfileView.swift in Sources */,
				A0FCC4F1292BF85000105FD9 /* UserService.swift in Sources */,
				A0FCC4EB292A71A200105FD9 /* ImagePicker.swift in Sources */,
				A057B6222926C329008CB533 /* ContentView.swift in Sources */,
				A057B63A2926C530008CB533 /* TweetRowView.swift in Sources */,
				A0FCC4ED292AB40500105FD9 /* ImageUploader.swift in Sources */,
				A057B67129291582008CB533 /* CustomInputField.swift in Sources */,
				A057B64D2926D380008CB533 /* TweetFilterViewModel.swift in Sources */,
				A057B6372926C469008CB533 /* FeedView.swift in Sources */,
				A057B67429291802008CB533 /* AuthenticationHeaderView.swift in Sources */,
				A0FCC4E8292A6DCA00105FD9 /* ProfilePhotoSelectorView.swift in Sources */,
				A057B66629290A21008CB533 /* TextArea.swift in Sources */,
				A057B6572927E24A008CB533 /* SideMenuView.swift in Sources */,
				A057B6202926C329008CB533 /* TwitterSwiftUIApp.swift in Sources */,
				A057B664292908C8008CB533 /* NewTweetView.swift in Sources */,
				A057B6432926CB9D008CB533 /* ExploreView.swift in Sources */,
				A057B65B2927E26F008CB533 /* SideMenuViewModel.swift in Sources */,
				A057B66B29290E86008CB533 /* LoginView.swift in Sources */,
				A057B66D29290EB9008CB533 /* RegistrationView.swift in Sources */,
				A0FCC4F3292BF9E600105FD9 /* Users.swift in Sources */,
				A057B6522927DF42008CB533 /* UserRowView.swift in Sources */,
				A057B68129295DCF008CB533 /* AuthViewModel.swift in Sources */,
				A057B66F29290FDD008CB533 /* RoundedShape.swift in Sources */,
				A057B65F2927E8AE008CB533 /* SideMenuOptionRowView.swift in Sources */,
				A057B63D2926CACB008CB533 /* MainTabView.swift in Sources */,
				A057B6452926CBB0008CB533 /* NotificationsView.swift in Sources */,
				A057B65D2927E3A7008CB533 /* UserStatsView.swift in Sources */,
			);
			runOnlyForDeploymentPostprocessing = 0;
		};
/* End PBXSourcesBuildPhase section */

/* Begin XCBuildConfiguration section */
		A057B6282926C32A008CB533 /* Debug */ = {
			isa = XCBuildConfiguration;
			buildSettings = {
				ALWAYS_SEARCH_USER_PATHS = NO;
				CLANG_ANALYZER_NONNULL = YES;
				CLANG_ANALYZER_NUMBER_OBJECT_CONVERSION = YES_AGGRESSIVE;
				CLANG_CXX_LANGUAGE_STANDARD = "gnu++20";
				CLANG_ENABLE_MODULES = YES;
				CLANG_ENABLE_OBJC_ARC = YES;
				CLANG_ENABLE_OBJC_WEAK = YES;
				CLANG_WARN_BLOCK_CAPTURE_AUTORELEASING = YES;
				CLANG_WARN_BOOL_CONVERSION = YES;
				CLANG_WARN_COMMA = YES;
				CLANG_WARN_CONSTANT_CONVERSION = YES;
				CLANG_WARN_DEPRECATED_OBJC_IMPLEMENTATIONS = YES;
				CLANG_WARN_DIRECT_OBJC_ISA_USAGE = YES_ERROR;
				CLANG_WARN_DOCUMENTATION_COMMENTS = YES;
				CLANG_WARN_EMPTY_BODY = YES;
				CLANG_WARN_ENUM_CONVERSION = YES;
				CLANG_WARN_INFINITE_RECURSION = YES;
				CLANG_WARN_INT_CONVERSION = YES;
				CLANG_WARN_NON_LITERAL_NULL_CONVERSION = YES;
				CLANG_WARN_OBJC_IMPLICIT_RETAIN_SELF = YES;
				CLANG_WARN_OBJC_LITERAL_CONVERSION = YES;
				CLANG_WARN_OBJC_ROOT_CLASS = YES_ERROR;
				CLANG_WARN_QUOTED_INCLUDE_IN_FRAMEWORK_HEADER = YES;
				CLANG_WARN_RANGE_LOOP_ANALYSIS = YES;
				CLANG_WARN_STRICT_PROTOTYPES = YES;
				CLANG_WARN_SUSPICIOUS_MOVE = YES;
				CLANG_WARN_UNGUARDED_AVAILABILITY = YES_AGGRESSIVE;
				CLANG_WARN_UNREACHABLE_CODE = YES;
				CLANG_WARN__DUPLICATE_METHOD_MATCH = YES;
				COPY_PHASE_STRIP = NO;
				DEBUG_INFORMATION_FORMAT = dwarf;
				ENABLE_STRICT_OBJC_MSGSEND = YES;
				ENABLE_TESTABILITY = YES;
				GCC_C_LANGUAGE_STANDARD = gnu11;
				GCC_DYNAMIC_NO_PIC = NO;
				GCC_NO_COMMON_BLOCKS = YES;
				GCC_OPTIMIZATION_LEVEL = 0;
				GCC_PREPROCESSOR_DEFINITIONS = (
					"DEBUG=1",
					"$(inherited)",
				);
				GCC_WARN_64_TO_32_BIT_CONVERSION = YES;
				GCC_WARN_ABOUT_RETURN_TYPE = YES_ERROR;
				GCC_WARN_UNDECLARED_SELECTOR = YES;
				GCC_WARN_UNINITIALIZED_AUTOS = YES_AGGRESSIVE;
				GCC_WARN_UNUSED_FUNCTION = YES;
				GCC_WARN_UNUSED_VARIABLE = YES;
				IPHONEOS_DEPLOYMENT_TARGET = 16.1;
				MTL_ENABLE_DEBUG_INFO = INCLUDE_SOURCE;
				MTL_FAST_MATH = YES;
				ONLY_ACTIVE_ARCH = YES;
				SDKROOT = iphoneos;
				SWIFT_ACTIVE_COMPILATION_CONDITIONS = DEBUG;
				SWIFT_OPTIMIZATION_LEVEL = "-Onone";
			};
			name = Debug;
		};
		A057B6292926C32A008CB533 /* Release */ = {
			isa = XCBuildConfiguration;
			buildSettings = {
				ALWAYS_SEARCH_USER_PATHS = NO;
				CLANG_ANALYZER_NONNULL = YES;
				CLANG_ANALYZER_NUMBER_OBJECT_CONVERSION = YES_AGGRESSIVE;
				CLANG_CXX_LANGUAGE_STANDARD = "gnu++20";
				CLANG_ENABLE_MODULES = YES;
				CLANG_ENABLE_OBJC_ARC = YES;
				CLANG_ENABLE_OBJC_WEAK = YES;
				CLANG_WARN_BLOCK_CAPTURE_AUTORELEASING = YES;
				CLANG_WARN_BOOL_CONVERSION = YES;
				CLANG_WARN_COMMA = YES;
				CLANG_WARN_CONSTANT_CONVERSION = YES;
				CLANG_WARN_DEPRECATED_OBJC_IMPLEMENTATIONS = YES;
				CLANG_WARN_DIRECT_OBJC_ISA_USAGE = YES_ERROR;
				CLANG_WARN_DOCUMENTATION_COMMENTS = YES;
				CLANG_WARN_EMPTY_BODY = YES;
				CLANG_WARN_ENUM_CONVERSION = YES;
				CLANG_WARN_INFINITE_RECURSION = YES;
				CLANG_WARN_INT_CONVERSION = YES;
				CLANG_WARN_NON_LITERAL_NULL_CONVERSION = YES;
				CLANG_WARN_OBJC_IMPLICIT_RETAIN_SELF = YES;
				CLANG_WARN_OBJC_LITERAL_CONVERSION = YES;
				CLANG_WARN_OBJC_ROOT_CLASS = YES_ERROR;
				CLANG_WARN_QUOTED_INCLUDE_IN_FRAMEWORK_HEADER = YES;
				CLANG_WARN_RANGE_LOOP_ANALYSIS = YES;
				CLANG_WARN_STRICT_PROTOTYPES = YES;
				CLANG_WARN_SUSPICIOUS_MOVE = YES;
				CLANG_WARN_UNGUARDED_AVAILABILITY = YES_AGGRESSIVE;
				CLANG_WARN_UNREACHABLE_CODE = YES;
				CLANG_WARN__DUPLICATE_METHOD_MATCH = YES;
				COPY_PHASE_STRIP = NO;
				DEBUG_INFORMATION_FORMAT = "dwarf-with-dsym";
				ENABLE_NS_ASSERTIONS = NO;
				ENABLE_STRICT_OBJC_MSGSEND = YES;
				GCC_C_LANGUAGE_STANDARD = gnu11;
				GCC_NO_COMMON_BLOCKS = YES;
				GCC_WARN_64_TO_32_BIT_CONVERSION = YES;
				GCC_WARN_ABOUT_RETURN_TYPE = YES_ERROR;
				GCC_WARN_UNDECLARED_SELECTOR = YES;
				GCC_WARN_UNINITIALIZED_AUTOS = YES_AGGRESSIVE;
				GCC_WARN_UNUSED_FUNCTION = YES;
				GCC_WARN_UNUSED_VARIABLE = YES;
				IPHONEOS_DEPLOYMENT_TARGET = 16.1;
				MTL_ENABLE_DEBUG_INFO = NO;
				MTL_FAST_MATH = YES;
				SDKROOT = iphoneos;
				SWIFT_COMPILATION_MODE = wholemodule;
				SWIFT_OPTIMIZATION_LEVEL = "-O";
				VALIDATE_PRODUCT = YES;
			};
			name = Release;
		};
		A057B62B2926C32A008CB533 /* Debug */ = {
			isa = XCBuildConfiguration;
			buildSettings = {
				ASSETCATALOG_COMPILER_APPICON_NAME = AppIcon;
				ASSETCATALOG_COMPILER_GLOBAL_ACCENT_COLOR_NAME = AccentColor;
				CODE_SIGN_STYLE = Automatic;
				CURRENT_PROJECT_VERSION = 1;
				DEVELOPMENT_ASSET_PATHS = "\"TwitterSwiftUI/Preview Content\"";
				DEVELOPMENT_TEAM = 68KQTL44VS;
				ENABLE_PREVIEWS = YES;
				GENERATE_INFOPLIST_FILE = YES;
				INFOPLIST_KEY_UIApplicationSceneManifest_Generation = YES;
				INFOPLIST_KEY_UIApplicationSupportsIndirectInputEvents = YES;
				INFOPLIST_KEY_UILaunchScreen_Generation = YES;
				INFOPLIST_KEY_UISupportedInterfaceOrientations_iPad = "UIInterfaceOrientationPortrait UIInterfaceOrientationPortraitUpsideDown UIInterfaceOrientationLandscapeLeft UIInterfaceOrientationLandscapeRight";
				INFOPLIST_KEY_UISupportedInterfaceOrientations_iPhone = "UIInterfaceOrientationPortrait UIInterfaceOrientationLandscapeLeft UIInterfaceOrientationLandscapeRight";
				LD_RUNPATH_SEARCH_PATHS = (
					"$(inherited)",
					"@executable_path/Frameworks",
				);
				MARKETING_VERSION = 1.0;
				PRODUCT_BUNDLE_IDENTIFIER = com.denizataes.TwitterSwiftUI;
				PRODUCT_NAME = "$(TARGET_NAME)";
				SWIFT_EMIT_LOC_STRINGS = YES;
				SWIFT_VERSION = 5.0;
				TARGETED_DEVICE_FAMILY = "1,2";
			};
			name = Debug;
		};
		A057B62C2926C32A008CB533 /* Release */ = {
			isa = XCBuildConfiguration;
			buildSettings = {
				ASSETCATALOG_COMPILER_APPICON_NAME = AppIcon;
				ASSETCATALOG_COMPILER_GLOBAL_ACCENT_COLOR_NAME = AccentColor;
				CODE_SIGN_STYLE = Automatic;
				CURRENT_PROJECT_VERSION = 1;
				DEVELOPMENT_ASSET_PATHS = "\"TwitterSwiftUI/Preview Content\"";
				DEVELOPMENT_TEAM = 68KQTL44VS;
				ENABLE_PREVIEWS = YES;
				GENERATE_INFOPLIST_FILE = YES;
				INFOPLIST_KEY_UIApplicationSceneManifest_Generation = YES;
				INFOPLIST_KEY_UIApplicationSupportsIndirectInputEvents = YES;
				INFOPLIST_KEY_UILaunchScreen_Generation = YES;
				INFOPLIST_KEY_UISupportedInterfaceOrientations_iPad = "UIInterfaceOrientationPortrait UIInterfaceOrientationPortraitUpsideDown UIInterfaceOrientationLandscapeLeft UIInterfaceOrientationLandscapeRight";
				INFOPLIST_KEY_UISupportedInterfaceOrientations_iPhone = "UIInterfaceOrientationPortrait UIInterfaceOrientationLandscapeLeft UIInterfaceOrientationLandscapeRight";
				LD_RUNPATH_SEARCH_PATHS = (
					"$(inherited)",
					"@executable_path/Frameworks",
				);
				MARKETING_VERSION = 1.0;
				PRODUCT_BUNDLE_IDENTIFIER = com.denizataes.TwitterSwiftUI;
				PRODUCT_NAME = "$(TARGET_NAME)";
				SWIFT_EMIT_LOC_STRINGS = YES;
				SWIFT_VERSION = 5.0;
				TARGETED_DEVICE_FAMILY = "1,2";
			};
			name = Release;
		};
/* End XCBuildConfiguration section */

/* Begin XCConfigurationList section */
		A057B6172926C329008CB533 /* Build configuration list for PBXProject "TwitterSwiftUI" */ = {
			isa = XCConfigurationList;
			buildConfigurations = (
				A057B6282926C32A008CB533 /* Debug */,
				A057B6292926C32A008CB533 /* Release */,
			);
			defaultConfigurationIsVisible = 0;
			defaultConfigurationName = Release;
		};
		A057B62A2926C32A008CB533 /* Build configuration list for PBXNativeTarget "TwitterSwiftUI" */ = {
			isa = XCConfigurationList;
			buildConfigurations = (
				A057B62B2926C32A008CB533 /* Debug */,
				A057B62C2926C32A008CB533 /* Release */,
			);
			defaultConfigurationIsVisible = 0;
			defaultConfigurationName = Release;
		};
/* End XCConfigurationList section */

/* Begin XCRemoteSwiftPackageReference section */
		A057B67729295BC1008CB533 /* XCRemoteSwiftPackageReference "firebase-ios-sdk" */ = {
			isa = XCRemoteSwiftPackageReference;
			repositoryURL = "https://github.com/firebase/firebase-ios-sdk";
			requirement = {
				branch = master;
				kind = branch;
			};
		};
/* End XCRemoteSwiftPackageReference section */

/* Begin XCSwiftPackageProductDependency section */
		A057B67829295BC1008CB533 /* FirebaseAuth */ = {
			isa = XCSwiftPackageProductDependency;
			package = A057B67729295BC1008CB533 /* XCRemoteSwiftPackageReference "firebase-ios-sdk" */;
			productName = FirebaseAuth;
		};
		A057B67A29295BC1008CB533 /* FirebaseFirestore */ = {
			isa = XCSwiftPackageProductDependency;
			package = A057B67729295BC1008CB533 /* XCRemoteSwiftPackageReference "firebase-ios-sdk" */;
			productName = FirebaseFirestore;
		};
		A057B67C29295BC1008CB533 /* FirebaseFirestoreSwift */ = {
			isa = XCSwiftPackageProductDependency;
			package = A057B67729295BC1008CB533 /* XCRemoteSwiftPackageReference "firebase-ios-sdk" */;
			productName = FirebaseFirestoreSwift;
		};
		A057B67E29295BC1008CB533 /* FirebaseStorage */ = {
			isa = XCSwiftPackageProductDependency;
			package = A057B67729295BC1008CB533 /* XCRemoteSwiftPackageReference "firebase-ios-sdk" */;
			productName = FirebaseStorage;
		};
/* End XCSwiftPackageProductDependency section */
	};
	rootObject = A057B6142926C329008CB533 /* Project object */;
}
